
Microsoft Visual Studio Solution File, Format Version 12.00
# Visual Studio Version 16
VisualStudioVersion = 16.0.30128.74
MinimumVisualStudioVersion = 10.0.40219.1
Project("{9A19103F-16F7-4668-BE54-9A1E7A4F7556}") = "FanoutPublisher", "FanoutPublisher\FanoutPublisher.csproj", "{45CF7C0C-31B3-4EF3-B6E4-C13696F25489}"
EndProject
Project("{2150E333-8FDC-42A3-9474-1A3956D46DE8}") = "01-Fanout Exchange", "01-Fanout Exchange", "{B7965EA3-E1A8-48F0-B3AD-4671F625C951}"
EndProject
Project("{9A19103F-16F7-4668-BE54-9A1E7A4F7556}") = "FanoutConsumer", "FanoutConsumer\FanoutConsumer.csproj", "{D4E961B2-4054-45B8-8405-E9CBFA02440E}"
EndProject
Project("{2150E333-8FDC-42A3-9474-1A3956D46DE8}") = "02-Direct Exchange", "02-Direct Exchange", "{EFFDBAB3-59AF-43DA-804A-630A0CD1471B}"
EndProject
Project("{9A19103F-16F7-4668-BE54-9A1E7A4F7556}") = "DirectSample", "DirectSample\DirectSample.csproj", "{E65C5A10-23FC-4120-B99A-DAB86A56F386}"
EndProject
Project("{2150E333-8FDC-42A3-9474-1A3956D46DE8}") = "03-Topic Exchange", "03-Topic Exchange", "{4B26141C-CCA2-467E-A193-E56E2E598D1F}"
EndProject
Project("{9A19103F-16F7-4668-BE54-9A1E7A4F7556}") = "TopicSample", "TopicSample\TopicSample.csproj", "{90522044-89B1-4D3F-B8EC-5AC446042BEF}"
EndProject
Project("{2150E333-8FDC-42A3-9474-1A3956D46DE8}") = "04-Headers Exchange", "04-Headers Exchange", "{603B271E-CF6D-49A0-B885-1B9F27813C01}"
EndProject
Project("{9A19103F-16F7-4668-BE54-9A1E7A4F7556}") = "HeadersSample", "HeadersSample\HeadersSample.csproj", "{E1581FFF-FA7D-497D-AC56-47B0316FCD0D}"
EndProject
Project("{2150E333-8FDC-42A3-9474-1A3956D46DE8}") = "05-Exchange To Exchange", "05-Exchange To Exchange", "{D745D91C-599A-4929-A919-0853D4AAD02B}"
EndProject
Project("{FAE04EC0-301F-11D3-BF4B-00C04F79EFBC}") = "ExchangeToExchangeSample", "ExchangeToExchangeSample\ExchangeToExchangeSample.csproj", "{0E8E5A9F-22C9-4801-9CE2-762AA29BBD2E}"
EndProject
Project("{2150E333-8FDC-42A3-9474-1A3956D46DE8}") = "06-Alternate Exchange", "06-Alternate Exchange", "{07FD9809-F202-4750-A49E-364D7BB6C79B}"
EndProject
Project("{FAE04EC0-301F-11D3-BF4B-00C04F79EFBC}") = "AlternateExchangeSample", "AlternateExchangeSample\AlternateExchangeSample.csproj", "{A5148F75-6AA3-4177-AA7D-2A35424195CD}"
EndProject
Project("{2150E333-8FDC-42A3-9474-1A3956D46DE8}") = "07-Pull and Push Model", "07-Pull and Push Model", "{E51D1872-6D8B-4A3B-AD8F-C342805AF219}"
EndProject
Project("{FAE04EC0-301F-11D3-BF4B-00C04F79EFBC}") = "PullAndPushSample", "PullAndPushSample\PullAndPushSample.csproj", "{4DCAB78E-C5FB-4C4C-BA88-6BC99534E435}"
EndProject
Project("{2150E333-8FDC-42A3-9474-1A3956D46DE8}") = "08-Worker Queues", "08-Worker Queues", "{2DE5139A-A005-49A6-A74A-826637A0EF47}"
EndProject
Project("{FAE04EC0-301F-11D3-BF4B-00C04F79EFBC}") = "WorkerDemo", "WorkerDemo\WorkerDemo.csproj", "{B227A4CF-1E61-4632-872A-D7F600FF7B8C}"
EndProject
Project("{2150E333-8FDC-42A3-9474-1A3956D46DE8}") = "09-Publish and Subscribe", "09-Publish and Subscribe", "{781C2C3C-9616-4C79-8A80-8D8B4EFABE32}"
EndProject
Project("{FAE04EC0-301F-11D3-BF4B-00C04F79EFBC}") = "Publisher", "Publisher\Publisher.csproj", "{11E2C389-7D83-43F3-B03A-652095AD8F52}"
EndProject
Project("{FAE04EC0-301F-11D3-BF4B-00C04F79EFBC}") = "Subscriber", "Subscriber\Subscriber.csproj", "{61B8BFB0-E44F-43CD-90ED-640E124B3D31}"
EndProject
Global
	GlobalSection(SolutionConfigurationPlatforms) = preSolution
		Debug|Any CPU = Debug|Any CPU
		Release|Any CPU = Release|Any CPU
	EndGlobalSection
	GlobalSection(ProjectConfigurationPlatforms) = postSolution
		{45CF7C0C-31B3-4EF3-B6E4-C13696F25489}.Debug|Any CPU.ActiveCfg = Debug|Any CPU
		{45CF7C0C-31B3-4EF3-B6E4-C13696F25489}.Debug|Any CPU.Build.0 = Debug|Any CPU
		{45CF7C0C-31B3-4EF3-B6E4-C13696F25489}.Release|Any CPU.ActiveCfg = Release|Any CPU
		{45CF7C0C-31B3-4EF3-B6E4-C13696F25489}.Release|Any CPU.Build.0 = Release|Any CPU
		{D4E961B2-4054-45B8-8405-E9CBFA02440E}.Debug|Any CPU.ActiveCfg = Debug|Any CPU
		{D4E961B2-4054-45B8-8405-E9CBFA02440E}.Debug|Any CPU.Build.0 = Debug|Any CPU
		{D4E961B2-4054-45B8-8405-E9CBFA02440E}.Release|Any CPU.ActiveCfg = Release|Any CPU
		{D4E961B2-4054-45B8-8405-E9CBFA02440E}.Release|Any CPU.Build.0 = Release|Any CPU
		{E65C5A10-23FC-4120-B99A-DAB86A56F386}.Debug|Any CPU.ActiveCfg = Debug|Any CPU
		{E65C5A10-23FC-4120-B99A-DAB86A56F386}.Debug|Any CPU.Build.0 = Debug|Any CPU
		{E65C5A10-23FC-4120-B99A-DAB86A56F386}.Release|Any CPU.ActiveCfg = Release|Any CPU
		{E65C5A10-23FC-4120-B99A-DAB86A56F386}.Release|Any CPU.Build.0 = Release|Any CPU
		{90522044-89B1-4D3F-B8EC-5AC446042BEF}.Debug|Any CPU.ActiveCfg = Debug|Any CPU
		{90522044-89B1-4D3F-B8EC-5AC446042BEF}.Debug|Any CPU.Build.0 = Debug|Any CPU
		{90522044-89B1-4D3F-B8EC-5AC446042BEF}.Release|Any CPU.ActiveCfg = Release|Any CPU
		{90522044-89B1-4D3F-B8EC-5AC446042BEF}.Release|Any CPU.Build.0 = Release|Any CPU
		{E1581FFF-FA7D-497D-AC56-47B0316FCD0D}.Debug|Any CPU.ActiveCfg = Debug|Any CPU
		{E1581FFF-FA7D-497D-AC56-47B0316FCD0D}.Debug|Any CPU.Build.0 = Debug|Any CPU
		{E1581FFF-FA7D-497D-AC56-47B0316FCD0D}.Release|Any CPU.ActiveCfg = Release|Any CPU
		{E1581FFF-FA7D-497D-AC56-47B0316FCD0D}.Release|Any CPU.Build.0 = Release|Any CPU
		{0E8E5A9F-22C9-4801-9CE2-762AA29BBD2E}.Debug|Any CPU.ActiveCfg = Debug|Any CPU
		{0E8E5A9F-22C9-4801-9CE2-762AA29BBD2E}.Debug|Any CPU.Build.0 = Debug|Any CPU
		{0E8E5A9F-22C9-4801-9CE2-762AA29BBD2E}.Release|Any CPU.ActiveCfg = Release|Any CPU
		{0E8E5A9F-22C9-4801-9CE2-762AA29BBD2E}.Release|Any CPU.Build.0 = Release|Any CPU
		{A5148F75-6AA3-4177-AA7D-2A35424195CD}.Debug|Any CPU.ActiveCfg = Debug|Any CPU
		{A5148F75-6AA3-4177-AA7D-2A35424195CD}.Debug|Any CPU.Build.0 = Debug|Any CPU
		{A5148F75-6AA3-4177-AA7D-2A35424195CD}.Release|Any CPU.ActiveCfg = Release|Any CPU
		{A5148F75-6AA3-4177-AA7D-2A35424195CD}.Release|Any CPU.Build.0 = Release|Any CPU
		{4DCAB78E-C5FB-4C4C-BA88-6BC99534E435}.Debug|Any CPU.ActiveCfg = Debug|Any CPU
		{4DCAB78E-C5FB-4C4C-BA88-6BC99534E435}.Debug|Any CPU.Build.0 = Debug|Any CPU
		{4DCAB78E-C5FB-4C4C-BA88-6BC99534E435}.Release|Any CPU.ActiveCfg = Release|Any CPU
		{4DCAB78E-C5FB-4C4C-BA88-6BC99534E435}.Release|Any CPU.Build.0 = Release|Any CPU
		{B227A4CF-1E61-4632-872A-D7F600FF7B8C}.Debug|Any CPU.ActiveCfg = Debug|Any CPU
		{B227A4CF-1E61-4632-872A-D7F600FF7B8C}.Debug|Any CPU.Build.0 = Debug|Any CPU
		{B227A4CF-1E61-4632-872A-D7F600FF7B8C}.Release|Any CPU.ActiveCfg = Release|Any CPU
		{B227A4CF-1E61-4632-872A-D7F600FF7B8C}.Release|Any CPU.Build.0 = Release|Any CPU
		{11E2C389-7D83-43F3-B03A-652095AD8F52}.Debug|Any CPU.ActiveCfg = Debug|Any CPU
		{11E2C389-7D83-43F3-B03A-652095AD8F52}.Debug|Any CPU.Build.0 = Debug|Any CPU
		{11E2C389-7D83-43F3-B03A-652095AD8F52}.Release|Any CPU.ActiveCfg = Release|Any CPU
		{11E2C389-7D83-43F3-B03A-652095AD8F52}.Release|Any CPU.Build.0 = Release|Any CPU
		{61B8BFB0-E44F-43CD-90ED-640E124B3D31}.Debug|Any CPU.ActiveCfg = Debug|Any CPU
		{61B8BFB0-E44F-43CD-90ED-640E124B3D31}.Debug|Any CPU.Build.0 = Debug|Any CPU
		{61B8BFB0-E44F-43CD-90ED-640E124B3D31}.Release|Any CPU.ActiveCfg = Release|Any CPU
		{61B8BFB0-E44F-43CD-90ED-640E124B3D31}.Release|Any CPU.Build.0 = Release|Any CPU
	EndGlobalSection
	GlobalSection(SolutionProperties) = preSolution
		HideSolutionNode = FALSE
	EndGlobalSection
	GlobalSection(NestedProjects) = preSolution
		{45CF7C0C-31B3-4EF3-B6E4-C13696F25489} = {B7965EA3-E1A8-48F0-B3AD-4671F625C951}
		{D4E961B2-4054-45B8-8405-E9CBFA02440E} = {B7965EA3-E1A8-48F0-B3AD-4671F625C951}
		{E65C5A10-23FC-4120-B99A-DAB86A56F386} = {EFFDBAB3-59AF-43DA-804A-630A0CD1471B}
		{90522044-89B1-4D3F-B8EC-5AC446042BEF} = {4B26141C-CCA2-467E-A193-E56E2E598D1F}
		{E1581FFF-FA7D-497D-AC56-47B0316FCD0D} = {603B271E-CF6D-49A0-B885-1B9F27813C01}
		{0E8E5A9F-22C9-4801-9CE2-762AA29BBD2E} = {D745D91C-599A-4929-A919-0853D4AAD02B}
		{A5148F75-6AA3-4177-AA7D-2A35424195CD} = {07FD9809-F202-4750-A49E-364D7BB6C79B}
		{4DCAB78E-C5FB-4C4C-BA88-6BC99534E435} = {E51D1872-6D8B-4A3B-AD8F-C342805AF219}
		{B227A4CF-1E61-4632-872A-D7F600FF7B8C} = {2DE5139A-A005-49A6-A74A-826637A0EF47}
		{11E2C389-7D83-43F3-B03A-652095AD8F52} = {781C2C3C-9616-4C79-8A80-8D8B4EFABE32}
		{61B8BFB0-E44F-43CD-90ED-640E124B3D31} = {781C2C3C-9616-4C79-8A80-8D8B4EFABE32}
	EndGlobalSection
	GlobalSection(ExtensibilityGlobals) = postSolution
		SolutionGuid = {6AC7A317-CB23-4348-9099-15C13723DD92}
	EndGlobalSection
EndGlobal
